PODS:
  - Flutter (1.0.0)
  - ttsplugin (0.0.1):
    - Flutter

DEPENDENCIES:
  - Flutter (from `Flutter`)
  - ttsplugin (from `.symlinks/plugins/ttsplugin/ios`)

EXTERNAL SOURCES:
  Flutter:
    :path: Flutter
  ttsplugin:
    :path: ".symlinks/plugins/ttsplugin/ios"

SPEC CHECKSUMS:
  Flutter: 0e3d915762c693b495b44d77113d4970485de6ec
  ttsplugin: 92b14b41f661f293e1c482eecb0dd16651027309

PODFILE CHECKSUM: 1b66dae606f75376c5f2135a8290850eeb09ae83

COCOAPODS: 1.8.4
